
Microsoft Visual Studio Solution File, Format Version 12.00
# Visual Studio 15
VisualStudioVersion = 15.0.27703.2026
MinimumVisualStudioVersion = 10.0.40219.1
Project("{FAE04EC0-301F-11D3-BF4B-00C04F79EFBC}") = "HS.Model", "HS.Model\HS.Model.csproj", "{A486FC60-D23D-4B19-9BCC-0F651D14B5FD}"
EndProject
Project("{FAE04EC0-301F-11D3-BF4B-00C04F79EFBC}") = "HS.DataLayer", "HS.DataLayer\HS.DataLayer.csproj", "{763A9492-40CA-48B6-995A-E69BD0BA941F}"
EndProject
Project("{FAE04EC0-301F-11D3-BF4B-00C04F79EFBC}") = "HS.BusinessLogic", "HS.BusinessLogic\HS.BusinessLogic.csproj", "{42A5CEE8-A6B4-421A-A75F-55B7246788CE}"
EndProject
Project("{FAE04EC0-301F-11D3-BF4B-00C04F79EFBC}") = "HayStackMVC", "HayStackMVC\HayStackMVC.csproj", "{264FD970-7E3C-406D-AFF2-93A8867F1AF4}"
EndProject
Project("{FAE04EC0-301F-11D3-BF4B-00C04F79EFBC}") = "HayStackMVC.Tests", "HayStackMVC.Tests\HayStackMVC.Tests.csproj", "{C072CAC8-A00F-4599-AC82-9DF9CBF15722}"
EndProject
Project("{FAE04EC0-301F-11D3-BF4B-00C04F79EFBC}") = "HS.Common", "HS.Common\HS.Common.csproj", "{6C41F57F-27B3-4C24-87F5-888B405544A8}"
EndProject
Global
	GlobalSection(SolutionConfigurationPlatforms) = preSolution
		Debug|Any CPU = Debug|Any CPU
		Release|Any CPU = Release|Any CPU
	EndGlobalSection
	GlobalSection(ProjectConfigurationPlatforms) = postSolution
		{A486FC60-D23D-4B19-9BCC-0F651D14B5FD}.Debug|Any CPU.ActiveCfg = Debug|Any CPU
		{A486FC60-D23D-4B19-9BCC-0F651D14B5FD}.Debug|Any CPU.Build.0 = Debug|Any CPU
		{A486FC60-D23D-4B19-9BCC-0F651D14B5FD}.Release|Any CPU.ActiveCfg = Release|Any CPU
		{A486FC60-D23D-4B19-9BCC-0F651D14B5FD}.Release|Any CPU.Build.0 = Release|Any CPU
		{763A9492-40CA-48B6-995A-E69BD0BA941F}.Debug|Any CPU.ActiveCfg = Debug|Any CPU
		{763A9492-40CA-48B6-995A-E69BD0BA941F}.Debug|Any CPU.Build.0 = Debug|Any CPU
		{763A9492-40CA-48B6-995A-E69BD0BA941F}.Release|Any CPU.ActiveCfg = Release|Any CPU
		{763A9492-40CA-48B6-995A-E69BD0BA941F}.Release|Any CPU.Build.0 = Release|Any CPU
		{42A5CEE8-A6B4-421A-A75F-55B7246788CE}.Debug|Any CPU.ActiveCfg = Debug|Any CPU
		{42A5CEE8-A6B4-421A-A75F-55B7246788CE}.Debug|Any CPU.Build.0 = Debug|Any CPU
		{42A5CEE8-A6B4-421A-A75F-55B7246788CE}.Release|Any CPU.ActiveCfg = Release|Any CPU
		{42A5CEE8-A6B4-421A-A75F-55B7246788CE}.Release|Any CPU.Build.0 = Release|Any CPU
		{264FD970-7E3C-406D-AFF2-93A8867F1AF4}.Debug|Any CPU.ActiveCfg = Debug|Any CPU
		{264FD970-7E3C-406D-AFF2-93A8867F1AF4}.Debug|Any CPU.Build.0 = Debug|Any CPU
		{264FD970-7E3C-406D-AFF2-93A8867F1AF4}.Release|Any CPU.ActiveCfg = Release|Any CPU
		{264FD970-7E3C-406D-AFF2-93A8867F1AF4}.Release|Any CPU.Build.0 = Release|Any CPU
		{C072CAC8-A00F-4599-AC82-9DF9CBF15722}.Debug|Any CPU.ActiveCfg = Debug|Any CPU
		{C072CAC8-A00F-4599-AC82-9DF9CBF15722}.Debug|Any CPU.Build.0 = Debug|Any CPU
		{C072CAC8-A00F-4599-AC82-9DF9CBF15722}.Release|Any CPU.ActiveCfg = Release|Any CPU
		{C072CAC8-A00F-4599-AC82-9DF9CBF15722}.Release|Any CPU.Build.0 = Release|Any CPU
		{6C41F57F-27B3-4C24-87F5-888B405544A8}.Debug|Any CPU.ActiveCfg = Debug|Any CPU
		{6C41F57F-27B3-4C24-87F5-888B405544A8}.Debug|Any CPU.Build.0 = Debug|Any CPU
		{6C41F57F-27B3-4C24-87F5-888B405544A8}.Release|Any CPU.ActiveCfg = Release|Any CPU
		{6C41F57F-27B3-4C24-87F5-888B405544A8}.Release|Any CPU.Build.0 = Release|Any CPU
	EndGlobalSection
	GlobalSection(SolutionProperties) = preSolution
		HideSolutionNode = FALSE
	EndGlobalSection
	GlobalSection(ExtensibilityGlobals) = postSolution
		SolutionGuid = {4487889D-CD3F-4021-9D97-DF193C655BA7}
	EndGlobalSection
EndGlobal
